
Microsoft Visual Studio Solution File, Format Version 12.00
# Visual Studio Version 17
VisualStudioVersion = 17.3.32825.248
MinimumVisualStudioVersion = 10.0.40219.1
Project("{FAE04EC0-301F-11D3-BF4B-00C04F79EFBC}") = "Lab2", "Lab2.csproj", "{FB807EAA-1CA7-4A59-A228-E05ED6EE717F}"
EndProject
Global
	GlobalSection(SolutionConfigurationPlatforms) = preSolution
		Debug|Any CPU = Debug|Any CPU
		Release|Any CPU = Release|Any CPU
	EndGlobalSection
	GlobalSection(ProjectConfigurationPlatforms) = postSolution
		{FB807EAA-1CA7-4A59-A228-E05ED6EE717F}.Debug|Any CPU.ActiveCfg = Debug|Any CPU
		{FB807EAA-1CA7-4A59-A228-E05ED6EE717F}.Debug|Any CPU.Build.0 = Debug|Any CPU
		{FB807EAA-1CA7-4A59-A228-E05ED6EE717F}.Release|Any CPU.ActiveCfg = Release|Any CPU
		{FB807EAA-1CA7-4A59-A228-E05ED6EE717F}.Release|Any CPU.Build.0 = Release|Any CPU
	EndGlobalSection
	GlobalSection(SolutionProperties) = preSolution
		HideSolutionNode = FALSE
	EndGlobalSection
	GlobalSection(ExtensibilityGlobals) = postSolution
		SolutionGuid = {AC6E6E9A-8948-48E8-8A2A-F28847A3AA4E}
	EndGlobalSection
EndGlobal
